
Microsoft Visual Studio Solution File, Format Version 12.00
# Visual Studio 15
VisualStudioVersion = 15.0.27703.2026
MinimumVisualStudioVersion = 10.0.40219.1
Project("{2150E333-8FDC-42A3-9474-1A3956D46DE8}") = "Sources", "Sources", "{EDFF470F-4CE6-4CCE-99D8-AA738ADF50A2}"
EndProject
Project("{FAE04EC0-301F-11D3-BF4B-00C04F79EFBC}") = "Lsquared.Business.Specification", "Specification\Lsquared.Business.Specification.csproj", "{A0D5E2A4-7D0C-4BF7-A00B-1A7178500A31}"
EndProject
Global
	GlobalSection(SolutionConfigurationPlatforms) = preSolution
		Debug|Any CPU = Debug|Any CPU
		Release|Any CPU = Release|Any CPU
	EndGlobalSection
	GlobalSection(ProjectConfigurationPlatforms) = postSolution
		{A0D5E2A4-7D0C-4BF7-A00B-1A7178500A31}.Debug|Any CPU.ActiveCfg = Debug|Any CPU
		{A0D5E2A4-7D0C-4BF7-A00B-1A7178500A31}.Debug|Any CPU.Build.0 = Debug|Any CPU
		{A0D5E2A4-7D0C-4BF7-A00B-1A7178500A31}.Release|Any CPU.ActiveCfg = Release|Any CPU
		{A0D5E2A4-7D0C-4BF7-A00B-1A7178500A31}.Release|Any CPU.Build.0 = Release|Any CPU
	EndGlobalSection
	GlobalSection(SolutionProperties) = preSolution
		HideSolutionNode = FALSE
	EndGlobalSection
	GlobalSection(NestedProjects) = preSolution
		{A0D5E2A4-7D0C-4BF7-A00B-1A7178500A31} = {EDFF470F-4CE6-4CCE-99D8-AA738ADF50A2}
	EndGlobalSection
	GlobalSection(ExtensibilityGlobals) = postSolution
		SolutionGuid = {5C6F4E73-899A-4FE2-A3DB-AEF916662075}
	EndGlobalSection
EndGlobal
